{
    "_readme": [
        "This file locks the dependencies of your project to a known state",
        "Read more about it at https://getcomposer.org/doc/01-basic-usage.md#composer-lock-the-lock-file",
        "This file is @generated automatically"
    ],
    "content-hash": "8e2e01ab07100b08a58dfbfb687aadc5",
    "packages": [
        {
            "name": "skyverge/wc-plugin-updater",
            "version": "1.1.0",
            "source": {
                "type": "git",
                "url": "https://github.com/skyverge/wc-plugin-updater.git",
                "reference": "892fd8d95656c10f36dde0fdc62e465fabcd60da"
            },
            "dist": {
                "type": "zip",
                "url": "https://api.github.com/repos/skyverge/wc-plugin-updater/zipball/892fd8d95656c10f36dde0fdc62e465fabcd60da",
                "reference": "892fd8d95656c10f36dde0fdc62e465fabcd60da",
                "shasum": ""
            },
            "type": "library",
            "license": [
                "GPL 3.0"
            ],
            "authors": [
                {
                    "name": "SkyVerge",
                    "homepage": "https://skyverge.com"
                }
            ],
            "description": "WooCommerce Plugin Updater",
            "support": {
                "source": "https://github.com/skyverge/wc-plugin-updater/tree/master",
                "issues": "https://github.com/skyverge/wc-plugin-updater/issues"
            },
            "time": "2018-10-26T00:09:49+00:00"
        }
    ],
    "packages-dev": [
        {
            "name": "mnsami/composer-custom-directory-installer",
            "version": "dev-master",
            "source": {
                "type": "git",
                "url": "https://github.com/mnsami/composer-custom-directory-installer.git",
                "reference": "1ccaf2da421dd9f6bcec4631c38e69e67677125f"
            },
            "dist": {
                "type": "zip",
                "url": "https://api.github.com/repos/mnsami/composer-custom-directory-installer/zipball/1ccaf2da421dd9f6bcec4631c38e69e67677125f",
                "reference": "1ccaf2da421dd9f6bcec4631c38e69e67677125f",
                "shasum": ""
            },
            "require": {
                "composer-plugin-api": "^1.0",
                "php": ">=5.3"
            },
            "type": "composer-plugin",
            "extra": {
                "class": [
                    "Composer\\CustomDirectoryInstaller\\LibraryPlugin",
                    "Composer\\CustomDirectoryInstaller\\PearPlugin",
                    "Composer\\CustomDirectoryInstaller\\PluginPlugin"
                ],
                "branch-alias": {
                    "dev-master": "1.1.x-dev"
                }
            },
            "autoload": {
                "psr-0": {
                    "Composer\\CustomDirectoryInstaller": "src/"
                }
            },
            "notification-url": "https://packagist.org/downloads/",
            "license": [
                "MIT"
            ],
            "authors": [
                {
                    "name": "Mina Nabil Sami",
                    "email": "mina.nsami@gmail.com"
                }
            ],
            "description": "A composer plugin, to help install packages of different types in custom paths.",
            "keywords": [
                "composer",
                "composer-installer",
                "composer-plugin"
            ],
            "time": "2017-08-14T19:50:19+00:00"
        }
    ],
    "aliases": [],
    "minimum-stability": "dev",
    "stability-flags": [],
    "prefer-stable": false,
    "prefer-lowest": false,
    "platform": [],
    "platform-dev": []
}
