{
    "_readme": [
        "This file locks the dependencies of your project to a known state",
        "Read more about it at https://getcomposer.org/doc/01-basic-usage.md#installing-dependencies",
        "This file is @generated automatically"
    ],
    "content-hash": "c004181629ad0aba68dc01bef7284cd2",
    "packages": [
        {
            "name": "mnsami/composer-custom-directory-installer",
            "version": "dev-master",
            "source": {
                "type": "git",
                "url": "https://github.com/mnsami/composer-custom-directory-installer.git",
                "reference": "1ccaf2da421dd9f6bcec4631c38e69e67677125f"
            },
            "dist": {
                "type": "zip",
                "url": "https://api.github.com/repos/mnsami/composer-custom-directory-installer/zipball/1ccaf2da421dd9f6bcec4631c38e69e67677125f",
                "reference": "1ccaf2da421dd9f6bcec4631c38e69e67677125f",
                "shasum": ""
            },
            "require": {
                "composer-plugin-api": "^1.0",
                "php": ">=5.3"
            },
            "type": "composer-plugin",
            "extra": {
                "class": [
                    "Composer\\CustomDirectoryInstaller\\LibraryPlugin",
                    "Composer\\CustomDirectoryInstaller\\PearPlugin",
                    "Composer\\CustomDirectoryInstaller\\PluginPlugin"
                ],
                "branch-alias": {
                    "dev-master": "1.1.x-dev"
                }
            },
            "autoload": {
                "psr-0": {
                    "Composer\\CustomDirectoryInstaller": "src/"
                }
            },
            "notification-url": "https://packagist.org/downloads/",
            "license": [
                "MIT"
            ],
            "authors": [
                {
                    "name": "Mina Nabil Sami",
                    "email": "mina.nsami@gmail.com"
                }
            ],
            "description": "A composer plugin, to help install packages of different types in custom paths.",
            "keywords": [
                "composer",
                "composer-installer",
                "composer-plugin"
            ],
            "time": "2017-08-14T19:50:19+00:00"
        },
        {
            "name": "skyverge/wc-plugin-updater",
            "version": "1.1.1",
            "source": {
                "type": "git",
                "url": "https://github.com/skyverge/wc-plugin-updater.git",
                "reference": "a01b359d9672bdbada7f71c945d159e386990383"
            },
            "dist": {
                "type": "zip",
                "url": "https://api.github.com/repos/skyverge/wc-plugin-updater/zipball/a01b359d9672bdbada7f71c945d159e386990383",
                "reference": "a01b359d9672bdbada7f71c945d159e386990383",
                "shasum": ""
            },
            "type": "library",
            "license": [
                "GPL 3.0"
            ],
            "authors": [
                {
                    "name": "SkyVerge",
                    "homepage": "https://skyverge.com"
                }
            ],
            "description": "WooCommerce Plugin Updater",
            "support": {
                "source": "https://github.com/skyverge/wc-plugin-updater/tree/1.1.1",
                "issues": "https://github.com/skyverge/wc-plugin-updater/issues"
            },
            "time": "2018-12-14T07:09:23+00:00"
        }
    ],
    "packages-dev": [],
    "aliases": [],
    "minimum-stability": "dev",
    "stability-flags": [],
    "prefer-stable": false,
    "prefer-lowest": false,
    "platform": [],
    "platform-dev": []
}
