{
    "_readme": [
        "This file locks the dependencies of your project to a known state",
        "Read more about it at https://getcomposer.org/doc/01-basic-usage.md#installing-dependencies",
        "This file is @generated automatically"
    ],
    "content-hash": "956773b66232695809913e3295f965a8",
    "packages": [
        {
            "name": "mnsami/composer-custom-directory-installer",
            "version": "dev-master",
            "source": {
                "type": "git",
                "url": "https://github.com/mnsami/composer-custom-directory-installer.git",
                "reference": "f8bcf249ec4bafa12cc4f1b405f7754bae0574b1"
            },
            "dist": {
                "type": "zip",
                "url": "https://api.github.com/repos/mnsami/composer-custom-directory-installer/zipball/f8bcf249ec4bafa12cc4f1b405f7754bae0574b1",
                "reference": "f8bcf249ec4bafa12cc4f1b405f7754bae0574b1",
                "shasum": ""
            },
            "require": {
                "composer-plugin-api": "^1.0 || ^2.0",
                "php": ">=5.3"
            },
            "default-branch": true,
            "type": "composer-plugin",
            "extra": {
                "class": [
                    "Composer\\CustomDirectoryInstaller\\LibraryPlugin",
                    "Composer\\CustomDirectoryInstaller\\PearPlugin",
                    "Composer\\CustomDirectoryInstaller\\PluginPlugin"
                ],
                "branch-alias": {
                    "dev-master": "2.0.x-dev"
                }
            },
            "autoload": {
                "psr-0": {
                    "Composer\\CustomDirectoryInstaller": "src/"
                }
            },
            "notification-url": "https://packagist.org/downloads/",
            "license": [
                "MIT"
            ],
            "authors": [
                {
                    "name": "Mina Nabil Sami",
                    "email": "mina.nsami@gmail.com"
                }
            ],
            "description": "A composer plugin, to help install packages of different types in custom paths.",
            "keywords": [
                "composer",
                "composer-installer",
                "composer-plugin"
            ],
            "support": {
                "issues": "https://github.com/mnsami/composer-custom-directory-installer/issues",
                "source": "https://github.com/mnsami/composer-custom-directory-installer/tree/master"
            },
            "funding": [
                {
                    "url": "https://github.com/mnsami",
                    "type": "github"
                }
            ],
            "time": "2021-03-22T07:53:44+00:00"
        },
        {
            "name": "skyverge/wc-plugin-updater",
            "version": "1.1.4",
            "source": {
                "type": "git",
                "url": "https://github.com/skyverge/wc-plugin-updater.git",
                "reference": "efdcdf0078de3dc9047ce0a3956c152e13870888"
            },
            "dist": {
                "type": "zip",
                "url": "https://api.github.com/repos/skyverge/wc-plugin-updater/zipball/efdcdf0078de3dc9047ce0a3956c152e13870888",
                "reference": "efdcdf0078de3dc9047ce0a3956c152e13870888",
                "shasum": ""
            },
            "type": "library",
            "license": [
                "GPL 3.0"
            ],
            "authors": [
                {
                    "name": "SkyVerge",
                    "homepage": "https://skyverge.com"
                }
            ],
            "description": "WooCommerce Plugin Updater",
            "support": {
                "source": "https://github.com/skyverge/wc-plugin-updater/tree/1.1.4",
                "issues": "https://github.com/skyverge/wc-plugin-updater/issues"
            },
            "time": "2021-06-29T13:27:35+00:00"
        }
    ],
    "packages-dev": [],
    "aliases": [],
    "minimum-stability": "dev",
    "stability-flags": [],
    "prefer-stable": false,
    "prefer-lowest": false,
    "platform": [],
    "platform-dev": [],
    "plugin-api-version": "2.1.0"
}
